
Microsoft Visual Studio Solution File, Format Version 12.00
# Visual Studio Version 17
VisualStudioVersion = 17.0.31903.59
MinimumVisualStudioVersion = 10.0.40219.1
Project("{2150E333-8FDC-42A3-9474-1A3956D46DE8}") = "src", "src", "{827E0CD3-B72D-47B6-A68D-7590B98EB39B}"
EndProject
Project("{FAE04EC0-301F-11D3-BF4B-00C04F79EFBC}") = "Api", "src\Api\Api.csproj", "{5AE3DAAA-5975-40EF-A31D-633C80C14F64}"
EndProject
Project("{FAE04EC0-301F-11D3-BF4B-00C04F79EFBC}") = "Application", "src\Application\Application.csproj", "{E18EEF2A-0284-4B43-8285-9BB0E10696C4}"
EndProject
Project("{FAE04EC0-301F-11D3-BF4B-00C04F79EFBC}") = "Domain", "src\Domain\Domain.csproj", "{41B16016-629E-410D-A973-77747C37B70B}"
EndProject
Project("{FAE04EC0-301F-11D3-BF4B-00C04F79EFBC}") = "Infrastructure", "src\Infrastructure\Infrastructure.csproj", "{DF5B1D0E-4AD2-4C66-A965-32579C50FB51}"
EndProject
Project("{FAE04EC0-301F-11D3-BF4B-00C04F79EFBC}") = "Workers", "src\Workers\Workers.csproj", "{45B91C5A-66CF-438A-9026-72EA5A670A12}"
EndProject
Project("{FAE04EC0-301F-11D3-BF4B-00C04F79EFBC}") = "Tests", "src\Tests\Tests.csproj", "{957775C9-010A-4298-8D7A-61A232521031}"
EndProject
Global
	GlobalSection(SolutionConfigurationPlatforms) = preSolution
		Debug|Any CPU = Debug|Any CPU
		Debug|x64 = Debug|x64
		Debug|x86 = Debug|x86
		Release|Any CPU = Release|Any CPU
		Release|x64 = Release|x64
		Release|x86 = Release|x86
	EndGlobalSection
	GlobalSection(ProjectConfigurationPlatforms) = postSolution
		{5AE3DAAA-5975-40EF-A31D-633C80C14F64}.Debug|Any CPU.ActiveCfg = Debug|Any CPU
		{5AE3DAAA-5975-40EF-A31D-633C80C14F64}.Debug|Any CPU.Build.0 = Debug|Any CPU
		{5AE3DAAA-5975-40EF-A31D-633C80C14F64}.Debug|x64.ActiveCfg = Debug|Any CPU
		{5AE3DAAA-5975-40EF-A31D-633C80C14F64}.Debug|x64.Build.0 = Debug|Any CPU
		{5AE3DAAA-5975-40EF-A31D-633C80C14F64}.Debug|x86.ActiveCfg = Debug|Any CPU
		{5AE3DAAA-5975-40EF-A31D-633C80C14F64}.Debug|x86.Build.0 = Debug|Any CPU
		{5AE3DAAA-5975-40EF-A31D-633C80C14F64}.Release|Any CPU.ActiveCfg = Release|Any CPU
		{5AE3DAAA-5975-40EF-A31D-633C80C14F64}.Release|Any CPU.Build.0 = Release|Any CPU
		{5AE3DAAA-5975-40EF-A31D-633C80C14F64}.Release|x64.ActiveCfg = Release|Any CPU
		{5AE3DAAA-5975-40EF-A31D-633C80C14F64}.Release|x64.Build.0 = Release|Any CPU
		{5AE3DAAA-5975-40EF-A31D-633C80C14F64}.Release|x86.ActiveCfg = Release|Any CPU
		{5AE3DAAA-5975-40EF-A31D-633C80C14F64}.Release|x86.Build.0 = Release|Any CPU
		{E18EEF2A-0284-4B43-8285-9BB0E10696C4}.Debug|Any CPU.ActiveCfg = Debug|Any CPU
		{E18EEF2A-0284-4B43-8285-9BB0E10696C4}.Debug|Any CPU.Build.0 = Debug|Any CPU
		{E18EEF2A-0284-4B43-8285-9BB0E10696C4}.Debug|x64.ActiveCfg = Debug|Any CPU
		{E18EEF2A-0284-4B43-8285-9BB0E10696C4}.Debug|x64.Build.0 = Debug|Any CPU
		{E18EEF2A-0284-4B43-8285-9BB0E10696C4}.Debug|x86.ActiveCfg = Debug|Any CPU
		{E18EEF2A-0284-4B43-8285-9BB0E10696C4}.Debug|x86.Build.0 = Debug|Any CPU
		{E18EEF2A-0284-4B43-8285-9BB0E10696C4}.Release|Any CPU.ActiveCfg = Release|Any CPU
		{E18EEF2A-0284-4B43-8285-9BB0E10696C4}.Release|Any CPU.Build.0 = Release|Any CPU
		{E18EEF2A-0284-4B43-8285-9BB0E10696C4}.Release|x64.ActiveCfg = Release|Any CPU
		{E18EEF2A-0284-4B43-8285-9BB0E10696C4}.Release|x64.Build.0 = Release|Any CPU
		{E18EEF2A-0284-4B43-8285-9BB0E10696C4}.Release|x86.ActiveCfg = Release|Any CPU
		{E18EEF2A-0284-4B43-8285-9BB0E10696C4}.Release|x86.Build.0 = Release|Any CPU
		{41B16016-629E-410D-A973-77747C37B70B}.Debug|Any CPU.ActiveCfg = Debug|Any CPU
		{41B16016-629E-410D-A973-77747C37B70B}.Debug|Any CPU.Build.0 = Debug|Any CPU
		{41B16016-629E-410D-A973-77747C37B70B}.Debug|x64.ActiveCfg = Debug|Any CPU
		{41B16016-629E-410D-A973-77747C37B70B}.Debug|x64.Build.0 = Debug|Any CPU
		{41B16016-629E-410D-A973-77747C37B70B}.Debug|x86.ActiveCfg = Debug|Any CPU
		{41B16016-629E-410D-A973-77747C37B70B}.Debug|x86.Build.0 = Debug|Any CPU
		{41B16016-629E-410D-A973-77747C37B70B}.Release|Any CPU.ActiveCfg = Release|Any CPU
		{41B16016-629E-410D-A973-77747C37B70B}.Release|Any CPU.Build.0 = Release|Any CPU
		{41B16016-629E-410D-A973-77747C37B70B}.Release|x64.ActiveCfg = Release|Any CPU
		{41B16016-629E-410D-A973-77747C37B70B}.Release|x64.Build.0 = Release|Any CPU
		{41B16016-629E-410D-A973-77747C37B70B}.Release|x86.ActiveCfg = Release|Any CPU
		{41B16016-629E-410D-A973-77747C37B70B}.Release|x86.Build.0 = Release|Any CPU
		{DF5B1D0E-4AD2-4C66-A965-32579C50FB51}.Debug|Any CPU.ActiveCfg = Debug|Any CPU
		{DF5B1D0E-4AD2-4C66-A965-32579C50FB51}.Debug|Any CPU.Build.0 = Debug|Any CPU
		{DF5B1D0E-4AD2-4C66-A965-32579C50FB51}.Debug|x64.ActiveCfg = Debug|Any CPU
		{DF5B1D0E-4AD2-4C66-A965-32579C50FB51}.Debug|x64.Build.0 = Debug|Any CPU
		{DF5B1D0E-4AD2-4C66-A965-32579C50FB51}.Debug|x86.ActiveCfg = Debug|Any CPU
		{DF5B1D0E-4AD2-4C66-A965-32579C50FB51}.Debug|x86.Build.0 = Debug|Any CPU
		{DF5B1D0E-4AD2-4C66-A965-32579C50FB51}.Release|Any CPU.ActiveCfg = Release|Any CPU
		{DF5B1D0E-4AD2-4C66-A965-32579C50FB51}.Release|Any CPU.Build.0 = Release|Any CPU
		{DF5B1D0E-4AD2-4C66-A965-32579C50FB51}.Release|x64.ActiveCfg = Release|Any CPU
		{DF5B1D0E-4AD2-4C66-A965-32579C50FB51}.Release|x64.Build.0 = Release|Any CPU
		{DF5B1D0E-4AD2-4C66-A965-32579C50FB51}.Release|x86.ActiveCfg = Release|Any CPU
		{DF5B1D0E-4AD2-4C66-A965-32579C50FB51}.Release|x86.Build.0 = Release|Any CPU
		{45B91C5A-66CF-438A-9026-72EA5A670A12}.Debug|Any CPU.ActiveCfg = Debug|Any CPU
		{45B91C5A-66CF-438A-9026-72EA5A670A12}.Debug|Any CPU.Build.0 = Debug|Any CPU
		{45B91C5A-66CF-438A-9026-72EA5A670A12}.Debug|x64.ActiveCfg = Debug|Any CPU
		{45B91C5A-66CF-438A-9026-72EA5A670A12}.Debug|x64.Build.0 = Debug|Any CPU
		{45B91C5A-66CF-438A-9026-72EA5A670A12}.Debug|x86.ActiveCfg = Debug|Any CPU
		{45B91C5A-66CF-438A-9026-72EA5A670A12}.Debug|x86.Build.0 = Debug|Any CPU
		{45B91C5A-66CF-438A-9026-72EA5A670A12}.Release|Any CPU.ActiveCfg = Release|Any CPU
		{45B91C5A-66CF-438A-9026-72EA5A670A12}.Release|Any CPU.Build.0 = Release|Any CPU
		{45B91C5A-66CF-438A-9026-72EA5A670A12}.Release|x64.ActiveCfg = Release|Any CPU
		{45B91C5A-66CF-438A-9026-72EA5A670A12}.Release|x64.Build.0 = Release|Any CPU
		{45B91C5A-66CF-438A-9026-72EA5A670A12}.Release|x86.ActiveCfg = Release|Any CPU
		{45B91C5A-66CF-438A-9026-72EA5A670A12}.Release|x86.Build.0 = Release|Any CPU
		{957775C9-010A-4298-8D7A-61A232521031}.Debug|Any CPU.ActiveCfg = Debug|Any CPU
		{957775C9-010A-4298-8D7A-61A232521031}.Debug|Any CPU.Build.0 = Debug|Any CPU
		{957775C9-010A-4298-8D7A-61A232521031}.Debug|x64.ActiveCfg = Debug|Any CPU
		{957775C9-010A-4298-8D7A-61A232521031}.Debug|x64.Build.0 = Debug|Any CPU
		{957775C9-010A-4298-8D7A-61A232521031}.Debug|x86.ActiveCfg = Debug|Any CPU
		{957775C9-010A-4298-8D7A-61A232521031}.Debug|x86.Build.0 = Debug|Any CPU
		{957775C9-010A-4298-8D7A-61A232521031}.Release|Any CPU.ActiveCfg = Release|Any CPU
		{957775C9-010A-4298-8D7A-61A232521031}.Release|Any CPU.Build.0 = Release|Any CPU
		{957775C9-010A-4298-8D7A-61A232521031}.Release|x64.ActiveCfg = Release|Any CPU
		{957775C9-010A-4298-8D7A-61A232521031}.Release|x64.Build.0 = Release|Any CPU
		{957775C9-010A-4298-8D7A-61A232521031}.Release|x86.ActiveCfg = Release|Any CPU
		{957775C9-010A-4298-8D7A-61A232521031}.Release|x86.Build.0 = Release|Any CPU
	EndGlobalSection
	GlobalSection(SolutionProperties) = preSolution
		HideSolutionNode = FALSE
	EndGlobalSection
	GlobalSection(NestedProjects) = preSolution
		{5AE3DAAA-5975-40EF-A31D-633C80C14F64} = {827E0CD3-B72D-47B6-A68D-7590B98EB39B}
		{E18EEF2A-0284-4B43-8285-9BB0E10696C4} = {827E0CD3-B72D-47B6-A68D-7590B98EB39B}
		{41B16016-629E-410D-A973-77747C37B70B} = {827E0CD3-B72D-47B6-A68D-7590B98EB39B}
		{DF5B1D0E-4AD2-4C66-A965-32579C50FB51} = {827E0CD3-B72D-47B6-A68D-7590B98EB39B}
		{45B91C5A-66CF-438A-9026-72EA5A670A12} = {827E0CD3-B72D-47B6-A68D-7590B98EB39B}
		{957775C9-010A-4298-8D7A-61A232521031} = {827E0CD3-B72D-47B6-A68D-7590B98EB39B}
	EndGlobalSection
EndGlobal
